<?xml version="1.0" encoding="utf-8"?>
<Project ToolsVersion="4.0" xmlns="http://schemas.microsoft.com/developer/msbuild/2003">
  <ItemGroup>
    <Filter Include="core">
      <UniqueIdentifier>{5814f664-151f-44c3-9ef1-b0b69a6eef05}</UniqueIdentifier>
    </Filter>
    <Filter Include="network">
      <UniqueIdentifier>{56e512ba-3dc0-441a-ac6b-7e364e1f659a}</UniqueIdentifier>
    </Filter>
    <Filter Include="test">
      <UniqueIdentifier>{74198901-6520-42f9-8f5f-fb5d291ccfa0}</UniqueIdentifier>
    </Filter>
  </ItemGroup>
  <ItemGroup>
    <Text Include="network\CMakeLists.txt">
      <Filter>network</Filter>
    </Text>
    <Text Include="test\CMakeLists.txt">
      <Filter>test</Filter>
    </Text>
    <Text Include="core\CMakeLists.txt">
      <Filter>core</Filter>
    </Text>
    <Text Include="CMakeLists.txt" />
  </ItemGroup>
  <ItemGroup>
    <ClInclude Include="network\Address.h">
      <Filter>network</Filter>
    </ClInclude>
    <ClInclude Include="network\Common.h">
      <Filter>network</Filter>
    </ClInclude>
    <ClInclude Include="network\Configs.h">
      <Filter>network</Filter>
    </ClInclude>
    <ClInclude Include="network\Network.h">
      <Filter>network</Filter>
    </ClInclude>
    <ClInclude Include="core\Common.h">
      <Filter>core</Filter>
    </ClInclude>
    <ClInclude Include="core\Configs.h">
      <Filter>core</Filter>
    </ClInclude>
    <ClInclude Include="core\TimeHelp.h">
      <Filter>core</Filter>
    </ClInclude>
    <ClInclude Include="network\Endpoint.h">
      <Filter>network</Filter>
    </ClInclude>
    <ClInclude Include="core\NonCopyable.h">
      <Filter>core</Filter>
    </ClInclude>
    <ClInclude Include="network\Connection.h">
      <Filter>network</Filter>
    </ClInclude>
    <ClInclude Include="network\Listener.h">
      <Filter>network</Filter>
    </ClInclude>
    <ClInclude Include="network\TcpListener.h">
      <Filter>network</Filter>
    </ClInclude>
    <ClInclude Include="core\ObjectPools.h">
      <Filter>core</Filter>
    </ClInclude>
    <ClInclude Include="core\Singleton.h">
      <Filter>core</Filter>
    </ClInclude>
  </ItemGroup>
  <ItemGroup>
    <ClCompile Include="network\Address.cpp">
      <Filter>network</Filter>
    </ClCompile>
    <ClCompile Include="network\Network.cpp">
      <Filter>network</Filter>
    </ClCompile>
    <ClCompile Include="test\main.cpp">
      <Filter>test</Filter>
    </ClCompile>
    <ClCompile Include="core\TimeHelp.cpp">
      <Filter>core</Filter>
    </ClCompile>
    <ClCompile Include="network\Endpoint.cpp">
      <Filter>network</Filter>
    </ClCompile>
    <ClCompile Include="network\Connection.cpp">
      <Filter>network</Filter>
    </ClCompile>
    <ClCompile Include="network\Listener.cpp">
      <Filter>network</Filter>
    </ClCompile>
    <ClCompile Include="network\TcpListener.cpp">
      <Filter>network</Filter>
    </ClCompile>
  </ItemGroup>
</Project>